<CodeBlocks_project_file>
    <FileVersion major="1" minor="6" />
    <Project>
        <Build>
            <Target title="Debug">
                <Option extension_auto="1" output="bin/Debug/program" prefix_auto="1" />
                <Option object_output="obj/Debug/" />
                <Option type="1" />
                <Compiler>
                    <Add option="-g" />
                </Compiler>
            </Target>
            <Target title="Release">
                <Option extension_auto="1" output="bin/Release/program" prefix_auto="1" />
                <Option object_output="obj/Release/" />
                <Option type="1" />
                <Compiler>
                    <Add option="-O2" />
                    <Add option="-NDEBUG" />
                </Compiler>
                <Linker>
                    <Add option="-s" />
                </Linker>
            </Target>
        </Build>
        <Compiler>
            <Add option="-Wall" />
            <Add option="-Wextra" />
            <Add option="-std=c++11" />
            <Add option="-pedantic" />
        </Compiler>
    <Option title="chapter_19_inheritance" /><Unit filename="lexer.hpp" /><Unit filename="token.cpp" /><Unit filename="token.hpp" /><Unit filename="main.cpp" /><Unit filename="lexer.cpp" /><Unit filename="expression.hpp" /><Unit filename="number_expr.cpp" /><Unit filename="variable_expr.cpp" /><Unit filename="parser.cpp" /><Unit filename="variable_expr.hpp" /><Unit filename="list_expr.cpp" /><Unit filename="number_expr.hpp" /><Unit filename="parser.hpp" /><Unit filename="list_expr.hpp" /></Project>
</CodeBlocks_project_file>